{
    "_readme": [
        "This file locks the dependencies of your project to a known state",
        "Read more about it at https://getcomposer.org/doc/01-basic-usage.md#installing-dependencies",
        "This file is @generated automatically"
    ],
    "content-hash": "88ca7209bbf6880cbc165628b3a7f4e2",
    "packages": [
        {
            "name": "apexmediacz/php-pohoda-export",
            "version": "v1.0.1",
            "source": {
                "type": "git",
                "url": "https://github.com/apexmediacz/php-pohoda-export.git",
                "reference": "9abd2398acd6ad4a9aff7f29c702fce806c7c70b"
            },
            "dist": {
                "type": "zip",
                "url": "https://api.github.com/repos/apexmediacz/php-pohoda-export/zipball/9abd2398acd6ad4a9aff7f29c702fce806c7c70b",
                "reference": "9abd2398acd6ad4a9aff7f29c702fce806c7c70b",
                "shasum": ""
            },
            "require": {
                "php": ">=7.0"
            },
            "type": "library",
            "autoload": {
                "psr-4": {
                    "Pohoda\\": "src/"
                }
            },
            "notification-url": "https://packagist.org/downloads/",
            "description": "Export do POHODA ucetnictvi",
            "support": {
                "source": "https://github.com/apexmediacz/php-pohoda-export/tree/v1.0.1"
            },
            "time": "2024-05-29T18:05:05+00:00"
        }
    ],
    "packages-dev": [],
    "aliases": [],
    "minimum-stability": "dev",
    "stability-flags": [],
    "prefer-stable": true,
    "prefer-lowest": false,
    "platform": {
        "php": ">=7.0"
    },
    "platform-dev": [],
    "plugin-api-version": "2.6.0"
}
